github.com/CharredChat/charrid v1.0.0 h1:LZhajhzy14o5y6QEeL+wCEPAhe0Z++LSgOy1jM64oLM=
github.com/CharredChat/charrid v1.0.0/go.mod h1:bOV/Qt7ERVgzDvl1tT2IS7CorxO3i8cwifqkgaVzEY4=
github.com/gorilla/websocket v1.5.0 h1:PPwGk2jz7EePpoHN/+ClbZu8SPxiqlu12wZP/3sWmnc=
github.com/gorilla/websocket v1.5.0/go.mod h1:YR8l580nyteQvAITg2hZ9XVh4b55+EU/adAjf1fMHhE=
golang.org/x/sys v0.6.0/go.mod h1:oPkhp1MJrh7nUepCBck5+mAzfO9JrbApNNgaTdGDITg=